{
  "originHash" : "4c9b504a5522c712b53b7d1f6ba7fa1135797ddb9832c8888137bda3cf121055",
  "pins" : [
    {
      "identity" : "secp256k1.swift",
      "kind" : "remoteSourceControl",
      "location" : "https://github.com/GigaBitcoin/secp256k1.swift",
      "state" : {
        "revision" : "dcbf99a591ca320ba44e8fc5ae8eeb960589417f",
        "version" : "0.2.0"
      }
    }
  ],
  "version" : 3
}
