// !$*UTF8*$!
{
	archiveVersion = 1;
	classes = {
	};
	objectVersion = 77;
	objects = {

/* Begin PBXBuildFile section */
		F687B9942EA3EF18009B1492 /* CocoCashuCore in Frameworks */ = {isa = PBXBuildFile; productRef = F687B9932EA3EF18009B1492 /* CocoCashuCore */; };
		F687B9962EA3EF18009B1492 /* CocoCashuUI in Frameworks */ = {isa = PBXBuildFile; productRef = F687B9952EA3EF18009B1492 /* CocoCashuUI */; };
/* End PBXBuildFile section */

/* Begin PBXContainerItemProxy section */
		F687B9762EA3EE84009B1492 /* PBXContainerItemProxy */ = {
			isa = PBXContainerItemProxy;
			containerPortal = F687B9602EA3EE83009B1492 /* Project object */;
			proxyType = 1;
			remoteGlobalIDString = F687B9672EA3EE83009B1492;
			remoteInfo = CocoCashuApp;
		};
		F687B9802EA3EE84009B1492 /* PBXContainerItemProxy */ = {
			isa = PBXContainerItemProxy;
			containerPortal = F687B9602EA3EE83009B1492 /* Project object */;
			proxyType = 1;
			remoteGlobalIDString = F687B9672EA3EE83009B1492;
			remoteInfo = CocoCashuApp;
		};
/* End PBXContainerItemProxy section */

/* Begin PBXFileReference section */
		F687B9682EA3EE83009B1492 /* CocoCashuApp.app */ = {isa = PBXFileReference; explicitFileType = wrapper.application; includeInIndex = 0; path = CocoCashuApp.app; sourceTree = BUILT_PRODUCTS_DIR; };
		F687B9752EA3EE84009B1492 /* CocoCashuAppTests.xctest */ = {isa = PBXFileReference; explicitFileType = wrapper.cfbundle; includeInIndex = 0; path = CocoCashuAppTests.xctest; sourceTree = BUILT_PRODUCTS_DIR; };
		F687B97F2EA3EE84009B1492 /* CocoCashuAppUITests.xctest */ = {isa = PBXFileReference; explicitFileType = wrapper.cfbundle; includeInIndex = 0; path = CocoCashuAppUITests.xctest; sourceTree = BUILT_PRODUCTS_DIR; };
/* End PBXFileReference section */

/* Begin PBXFileSystemSynchronizedRootGroup section */
		F687B96A2EA3EE83009B1492 /* CocoCashuApp */ = {
			isa = PBXFileSystemSynchronizedRootGroup;
			path = CocoCashuApp;
			sourceTree = "<group>";
		};
		F687B9782EA3EE84009B1492 /* CocoCashuAppTests */ = {
			isa = PBXFileSystemSynchronizedRootGroup;
			path = CocoCashuAppTests;
			sourceTree = "<group>";
		};
		F687B9822EA3EE84009B1492 /* CocoCashuAppUITests */ = {
			isa = PBXFileSystemSynchronizedRootGroup;
			path = CocoCashuAppUITests;
			sourceTree = "<group>";
		};
/* End PBXFileSystemSynchronizedRootGroup section */

/* Begin PBXFrameworksBuildPhase section */
		F687B9652EA3EE83009B1492 /* Frameworks */ = {
			isa = PBXFrameworksBuildPhase;
			buildActionMask = 2147483647;
			files = (
				F687B9942EA3EF18009B1492 /* CocoCashuCore in Frameworks */,
				F687B9962EA3EF18009B1492 /* CocoCashuUI in Frameworks */,
			);
			runOnlyForDeploymentPostprocessing = 0;
		};
		F687B9722EA3EE84009B1492 /* Frameworks */ = {
			isa = PBXFrameworksBuildPhase;
			buildActionMask = 2147483647;
			files = (
			);
			runOnlyForDeploymentPostprocessing = 0;
		};
		F687B97C2EA3EE84009B1492 /* Frameworks */ = {
			isa = PBXFrameworksBuildPhase;
			buildActionMask = 2147483647;
			files = (
			);
			runOnlyForDeploymentPostprocessing = 0;
		};
/* End PBXFrameworksBuildPhase section */

/* Begin PBXGroup section */
		F687B95F2EA3EE83009B1492 = {
			isa = PBXGroup;
			children = (
				F687B96A2EA3EE83009B1492 /* CocoCashuApp */,
				F687B9782EA3EE84009B1492 /* CocoCashuAppTests */,
				F687B9822EA3EE84009B1492 /* CocoCashuAppUITests */,
				F687B9692EA3EE83009B1492 /* Products */,
			);
			sourceTree = "<group>";
		};
		F687B9692EA3EE83009B1492 /* Products */ = {
			isa = PBXGroup;
			children = (
				F687B9682EA3EE83009B1492 /* CocoCashuApp.app */,
				F687B9752EA3EE84009B1492 /* CocoCashuAppTests.xctest */,
				F687B97F2EA3EE84009B1492 /* CocoCashuAppUITests.xctest */,
			);
			name = Products;
			sourceTree = "<group>";
		};
/* End PBXGroup section */

/* Begin PBXNativeTarget section */
		F687B9672EA3EE83009B1492 /* CocoCashuApp */ = {
			isa = PBXNativeTarget;
			buildConfigurationList = F687B9892EA3EE84009B1492 /* Build configuration list for PBXNativeTarget "CocoCashuApp" */;
			buildPhases = (
				F687B9642EA3EE83009B1492 /* Sources */,
				F687B9652EA3EE83009B1492 /* Frameworks */,
				F687B9662EA3EE83009B1492 /* Resources */,
			);
			buildRules = (
			);
			dependencies = (
			);
			fileSystemSynchronizedGroups = (
				F687B96A2EA3EE83009B1492 /* CocoCashuApp */,
			);
			name = CocoCashuApp;
			packageProductDependencies = (
				F687B9932EA3EF18009B1492 /* CocoCashuCore */,
				F687B9952EA3EF18009B1492 /* CocoCashuUI */,
			);
			productName = CocoCashuApp;
			productReference = F687B9682EA3EE83009B1492 /* CocoCashuApp.app */;
			productType = "com.apple.product-type.application";
		};
		F687B9742EA3EE84009B1492 /* CocoCashuAppTests */ = {
			isa = PBXNativeTarget;
			buildConfigurationList = F687B98C2EA3EE84009B1492 /* Build configuration list for PBXNativeTarget "CocoCashuAppTests" */;
			buildPhases = (
				F687B9712EA3EE84009B1492 /* Sources */,
				F687B9722EA3EE84009B1492 /* Frameworks */,
				F687B9732EA3EE84009B1492 /* Resources */,
			);
			buildRules = (
			);
			dependencies = (
				F687B9772EA3EE84009B1492 /* PBXTargetDependency */,
			);
			fileSystemSynchronizedGroups = (
				F687B9782EA3EE84009B1492 /* CocoCashuAppTests */,
			);
			name = CocoCashuAppTests;
			packageProductDependencies = (
			);
			productName = CocoCashuAppTests;
			productReference = F687B9752EA3EE84009B1492 /* CocoCashuAppTests.xctest */;
			productType = "com.apple.product-type.bundle.unit-test";
		};
		F687B97E2EA3EE84009B1492 /* CocoCashuAppUITests */ = {
			isa = PBXNativeTarget;
			buildConfigurationList = F687B98F2EA3EE84009B1492 /* Build configuration list for PBXNativeTarget "CocoCashuAppUITests" */;
			buildPhases = (
				F687B97B2EA3EE84009B1492 /* Sources */,
				F687B97C2EA3EE84009B1492 /* Frameworks */,
				F687B97D2EA3EE84009B1492 /* Resources */,
			);
			buildRules = (
			);
			dependencies = (
				F687B9812EA3EE84009B1492 /* PBXTargetDependency */,
			);
			fileSystemSynchronizedGroups = (
				F687B9822EA3EE84009B1492 /* CocoCashuAppUITests */,
			);
			name = CocoCashuAppUITests;
			packageProductDependencies = (
			);
			productName = CocoCashuAppUITests;
			productReference = F687B97F2EA3EE84009B1492 /* CocoCashuAppUITests.xctest */;
			productType = "com.apple.product-type.bundle.ui-testing";
		};
/* End PBXNativeTarget section */

/* Begin PBXProject section */
		F687B9602EA3EE83009B1492 /* Project object */ = {
			isa = PBXProject;
			attributes = {
				BuildIndependentTargetsInParallel = 1;
				LastSwiftUpdateCheck = 2600;
				LastUpgradeCheck = 2600;
				TargetAttributes = {
					F687B9672EA3EE83009B1492 = {
						CreatedOnToolsVersion = 26.0;
					};
					F687B9742EA3EE84009B1492 = {
						CreatedOnToolsVersion = 26.0;
						TestTargetID = F687B9672EA3EE83009B1492;
					};
					F687B97E2EA3EE84009B1492 = {
						CreatedOnToolsVersion = 26.0;
						TestTargetID = F687B9672EA3EE83009B1492;
					};
				};
			};
			buildConfigurationList = F687B9632EA3EE83009B1492 /* Build configuration list for PBXProject "CocoCashuApp" */;
			developmentRegion = en;
			hasScannedForEncodings = 0;
			knownRegions = (
				en,
				Base,
			);
			mainGroup = F687B95F2EA3EE83009B1492;
			minimizedProjectReferenceProxies = 1;
			packageReferences = (
				F687B9922EA3EF18009B1492 /* XCLocalSwiftPackageReference "../CocoCashuSwift" */,
			);
			preferredProjectObjectVersion = 77;
			productRefGroup = F687B9692EA3EE83009B1492 /* Products */;
			projectDirPath = "";
			projectRoot = "";
			targets = (
				F687B9672EA3EE83009B1492 /* CocoCashuApp */,
				F687B9742EA3EE84009B1492 /* CocoCashuAppTests */,
				F687B97E2EA3EE84009B1492 /* CocoCashuAppUITests */,
			);
		};
/* End PBXProject section */

/* Begin PBXResourcesBuildPhase section */
		F687B9662EA3EE83009B1492 /* Resources */ = {
			isa = PBXResourcesBuildPhase;
			buildActionMask = 2147483647;
			files = (
			);
			runOnlyForDeploymentPostprocessing = 0;
		};
		F687B9732EA3EE84009B1492 /* Resources */ = {
			isa = PBXResourcesBuildPhase;
			buildActionMask = 2147483647;
			files = (
			);
			runOnlyForDeploymentPostprocessing = 0;
		};
		F687B97D2EA3EE84009B1492 /* Resources */ = {
			isa = PBXResourcesBuildPhase;
			buildActionMask = 2147483647;
			files = (
			);
			runOnlyForDeploymentPostprocessing = 0;
		};
/* End PBXResourcesBuildPhase section */

/* Begin PBXSourcesBuildPhase section */
		F687B9642EA3EE83009B1492 /* Sources */ = {
			isa = PBXSourcesBuildPhase;
			buildActionMask = 2147483647;
			files = (
			);
			runOnlyForDeploymentPostprocessing = 0;
		};
		F687B9712EA3EE84009B1492 /* Sources */ = {
			isa = PBXSourcesBuildPhase;
			buildActionMask = 2147483647;
			files = (
			);
			runOnlyForDeploymentPostprocessing = 0;
		};
		F687B97B2EA3EE84009B1492 /* Sources */ = {
			isa = PBXSourcesBuildPhase;
			buildActionMask = 2147483647;
			files = (
			);
			runOnlyForDeploymentPostprocessing = 0;
		};
/* End PBXSourcesBuildPhase section */

/* Begin PBXTargetDependency section */
		F687B9772EA3EE84009B1492 /* PBXTargetDependency */ = {
			isa = PBXTargetDependency;
			target = F687B9672EA3EE83009B1492 /* CocoCashuApp */;
			targetProxy = F687B9762EA3EE84009B1492 /* PBXContainerItemProxy */;
		};
		F687B9812EA3EE84009B1492 /* PBXTargetDependency */ = {
			isa = PBXTargetDependency;
			target = F687B9672EA3EE83009B1492 /* CocoCashuApp */;
			targetProxy = F687B9802EA3EE84009B1492 /* PBXContainerItemProxy */;
		};
/* End PBXTargetDependency section */

/* Begin XCBuildConfiguration section */
		F687B9872EA3EE84009B1492 /* Debug */ = {
			isa = XCBuildConfiguration;
			buildSettings = {
				ALWAYS_SEARCH_USER_PATHS = NO;
				ASSETCATALOG_COMPILER_GENERATE_SWIFT_ASSET_SYMBOL_EXTENSIONS = YES;
				CLANG_ANALYZER_NONNULL = YES;
				CLANG_ANALYZER_NUMBER_OBJECT_CONVERSION = YES_AGGRESSIVE;
				CLANG_CXX_LANGUAGE_STANDARD = "gnu++20";
				CLANG_ENABLE_MODULES = YES;
				CLANG_ENABLE_OBJC_ARC = YES;
				CLANG_ENABLE_OBJC_WEAK = YES;
				CLANG_WARN_BLOCK_CAPTURE_AUTORELEASING = YES;
				CLANG_WARN_BOOL_CONVERSION = YES;
				CLANG_WARN_COMMA = YES;
				CLANG_WARN_CONSTANT_CONVERSION = YES;
				CLANG_WARN_DEPRECATED_OBJC_IMPLEMENTATIONS = YES;
				CLANG_WARN_DIRECT_OBJC_ISA_USAGE = YES_ERROR;
				CLANG_WARN_DOCUMENTATION_COMMENTS = YES;
				CLANG_WARN_EMPTY_BODY = YES;
				CLANG_WARN_ENUM_CONVERSION = YES;
				CLANG_WARN_INFINITE_RECURSION = YES;
				CLANG_WARN_INT_CONVERSION = YES;
				CLANG_WARN_NON_LITERAL_NULL_CONVERSION = YES;
				CLANG_WARN_OBJC_IMPLICIT_RETAIN_SELF = YES;
				CLANG_WARN_OBJC_LITERAL_CONVERSION = YES;
				CLANG_WARN_OBJC_ROOT_CLASS = YES_ERROR;
				CLANG_WARN_QUOTED_INCLUDE_IN_FRAMEWORK_HEADER = YES;
				CLANG_WARN_RANGE_LOOP_ANALYSIS = YES;
				CLANG_WARN_STRICT_PROTOTYPES = YES;
				CLANG_WARN_SUSPICIOUS_MOVE = YES;
				CLANG_WARN_UNGUARDED_AVAILABILITY = YES_AGGRESSIVE;
				CLANG_WARN_UNREACHABLE_CODE = YES;
				CLANG_WARN__DUPLICATE_METHOD_MATCH = YES;
				COPY_PHASE_STRIP = NO;
				DEBUG_INFORMATION_FORMAT = dwarf;
				DEVELOPMENT_TEAM = 6LM876PP9X;
				ENABLE_STRICT_OBJC_MSGSEND = YES;
				ENABLE_TESTABILITY = YES;
				ENABLE_USER_SCRIPT_SANDBOXING = YES;
				GCC_C_LANGUAGE_STANDARD = gnu17;
				GCC_DYNAMIC_NO_PIC = NO;
				GCC_NO_COMMON_BLOCKS = YES;
				GCC_OPTIMIZATION_LEVEL = 0;
				GCC_PREPROCESSOR_DEFINITIONS = (
					"DEBUG=1",
					"$(inherited)",
				);
				GCC_WARN_64_TO_32_BIT_CONVERSION = YES;
				GCC_WARN_ABOUT_RETURN_TYPE = YES_ERROR;
				GCC_WARN_UNDECLARED_SELECTOR = YES;
				GCC_WARN_UNINITIALIZED_AUTOS = YES_AGGRESSIVE;
				GCC_WARN_UNUSED_FUNCTION = YES;
				GCC_WARN_UNUSED_VARIABLE = YES;
				LOCALIZATION_PREFERS_STRING_CATALOGS = YES;
				MTL_ENABLE_DEBUG_INFO = INCLUDE_SOURCE;
				MTL_FAST_MATH = YES;
				ONLY_ACTIVE_ARCH = YES;
				SWIFT_ACTIVE_COMPILATION_CONDITIONS = "DEBUG $(inherited)";
				SWIFT_OPTIMIZATION_LEVEL = "-Onone";
			};
			name = Debug;
		};
		F687B9882EA3EE84009B1492 /* Release */ = {
			isa = XCBuildConfiguration;
			buildSettings = {
				ALWAYS_SEARCH_USER_PATHS = NO;
				ASSETCATALOG_COMPILER_GENERATE_SWIFT_ASSET_SYMBOL_EXTENSIONS = YES;
				CLANG_ANALYZER_NONNULL = YES;
				CLANG_ANALYZER_NUMBER_OBJECT_CONVERSION = YES_AGGRESSIVE;
				CLANG_CXX_LANGUAGE_STANDARD = "gnu++20";
				CLANG_ENABLE_MODULES = YES;
				CLANG_ENABLE_OBJC_ARC = YES;
				CLANG_ENABLE_OBJC_WEAK = YES;
				CLANG_WARN_BLOCK_CAPTURE_AUTORELEASING = YES;
				CLANG_WARN_BOOL_CONVERSION = YES;
				CLANG_WARN_COMMA = YES;
				CLANG_WARN_CONSTANT_CONVERSION = YES;
				CLANG_WARN_DEPRECATED_OBJC_IMPLEMENTATIONS = YES;
				CLANG_WARN_DIRECT_OBJC_ISA_USAGE = YES_ERROR;
				CLANG_WARN_DOCUMENTATION_COMMENTS = YES;
				CLANG_WARN_EMPTY_BODY = YES;
				CLANG_WARN_ENUM_CONVERSION = YES;
				CLANG_WARN_INFINITE_RECURSION = YES;
				CLANG_WARN_INT_CONVERSION = YES;
				CLANG_WARN_NON_LITERAL_NULL_CONVERSION = YES;
				CLANG_WARN_OBJC_IMPLICIT_RETAIN_SELF = YES;
				CLANG_WARN_OBJC_LITERAL_CONVERSION = YES;
				CLANG_WARN_OBJC_ROOT_CLASS = YES_ERROR;
				CLANG_WARN_QUOTED_INCLUDE_IN_FRAMEWORK_HEADER = YES;
				CLANG_WARN_RANGE_LOOP_ANALYSIS = YES;
				CLANG_WARN_STRICT_PROTOTYPES = YES;
				CLANG_WARN_SUSPICIOUS_MOVE = YES;
				CLANG_WARN_UNGUARDED_AVAILABILITY = YES_AGGRESSIVE;
				CLANG_WARN_UNREACHABLE_CODE = YES;
				CLANG_WARN__DUPLICATE_METHOD_MATCH = YES;
				COPY_PHASE_STRIP = NO;
				DEBUG_INFORMATION_FORMAT = "dwarf-with-dsym";
				DEVELOPMENT_TEAM = 6LM876PP9X;
				ENABLE_NS_ASSERTIONS = NO;
				ENABLE_STRICT_OBJC_MSGSEND = YES;
				ENABLE_USER_SCRIPT_SANDBOXING = YES;
				GCC_C_LANGUAGE_STANDARD = gnu17;
				GCC_NO_COMMON_BLOCKS = YES;
				GCC_WARN_64_TO_32_BIT_CONVERSION = YES;
				GCC_WARN_ABOUT_RETURN_TYPE = YES_ERROR;
				GCC_WARN_UNDECLARED_SELECTOR = YES;
				GCC_WARN_UNINITIALIZED_AUTOS = YES_AGGRESSIVE;
				GCC_WARN_UNUSED_FUNCTION = YES;
				GCC_WARN_UNUSED_VARIABLE = YES;
				LOCALIZATION_PREFERS_STRING_CATALOGS = YES;
				MTL_ENABLE_DEBUG_INFO = NO;
				MTL_FAST_MATH = YES;
				SWIFT_COMPILATION_MODE = wholemodule;
			};
			name = Release;
		};
		F687B98A2EA3EE84009B1492 /* Debug */ = {
			isa = XCBuildConfiguration;
			buildSettings = {
				ASSETCATALOG_COMPILER_APPICON_NAME = AppIcon;
				ASSETCATALOG_COMPILER_GLOBAL_ACCENT_COLOR_NAME = AccentColor;
				CODE_SIGN_STYLE = Automatic;
				CURRENT_PROJECT_VERSION = 1;
				DEVELOPMENT_TEAM = 6LM876PP9X;
				ENABLE_APP_SANDBOX = YES;
				ENABLE_HARDENED_RUNTIME = YES;
				ENABLE_PREVIEWS = YES;
				ENABLE_USER_SELECTED_FILES = readonly;
				GENERATE_INFOPLIST_FILE = YES;
				"INFOPLIST_KEY_UIApplicationSceneManifest_Generation[sdk=iphoneos*]" = YES;
				"INFOPLIST_KEY_UIApplicationSceneManifest_Generation[sdk=iphonesimulator*]" = YES;
				"INFOPLIST_KEY_UIApplicationSupportsIndirectInputEvents[sdk=iphoneos*]" = YES;
				"INFOPLIST_KEY_UIApplicationSupportsIndirectInputEvents[sdk=iphonesimulator*]" = YES;
				"INFOPLIST_KEY_UILaunchScreen_Generation[sdk=iphoneos*]" = YES;
				"INFOPLIST_KEY_UILaunchScreen_Generation[sdk=iphonesimulator*]" = YES;
				"INFOPLIST_KEY_UIStatusBarStyle[sdk=iphoneos*]" = UIStatusBarStyleDefault;
				"INFOPLIST_KEY_UIStatusBarStyle[sdk=iphonesimulator*]" = UIStatusBarStyleDefault;
				INFOPLIST_KEY_UISupportedInterfaceOrientations_iPad = "UIInterfaceOrientationPortrait UIInterfaceOrientationPortraitUpsideDown UIInterfaceOrientationLandscapeLeft UIInterfaceOrientationLandscapeRight";
				INFOPLIST_KEY_UISupportedInterfaceOrientations_iPhone = "UIInterfaceOrientationPortrait UIInterfaceOrientationLandscapeLeft UIInterfaceOrientationLandscapeRight";
				IPHONEOS_DEPLOYMENT_TARGET = 26.0;
				LD_RUNPATH_SEARCH_PATHS = "@executable_path/Frameworks";
				"LD_RUNPATH_SEARCH_PATHS[sdk=macosx*]" = "@executable_path/../Frameworks";
				MACOSX_DEPLOYMENT_TARGET = 26.0;
				MARKETING_VERSION = 1.0;
				PRODUCT_BUNDLE_IDENTIFIER = org.myrvold.CocoCashuApp;
				PRODUCT_NAME = "$(TARGET_NAME)";
				REGISTER_APP_GROUPS = YES;
				SDKROOT = auto;
				STRING_CATALOG_GENERATE_SYMBOLS = YES;
				SUPPORTED_PLATFORMS = "iphoneos iphonesimulator macosx xros xrsimulator";
				SWIFT_APPROACHABLE_CONCURRENCY = YES;
				SWIFT_DEFAULT_ACTOR_ISOLATION = MainActor;
				SWIFT_EMIT_LOC_STRINGS = YES;
				SWIFT_UPCOMING_FEATURE_MEMBER_IMPORT_VISIBILITY = YES;
				SWIFT_VERSION = 5.0;
				TARGETED_DEVICE_FAMILY = "1,2,7";
				XROS_DEPLOYMENT_TARGET = 26.0;
			};
			name = Debug;
		};
		F687B98B2EA3EE84009B1492 /* Release */ = {
			isa = XCBuildConfiguration;
			buildSettings = {
				ASSETCATALOG_COMPILER_APPICON_NAME = AppIcon;
				ASSETCATALOG_COMPILER_GLOBAL_ACCENT_COLOR_NAME = AccentColor;
				CODE_SIGN_STYLE = Automatic;
				CURRENT_PROJECT_VERSION = 1;
				DEVELOPMENT_TEAM = 6LM876PP9X;
				ENABLE_APP_SANDBOX = YES;
				ENABLE_HARDENED_RUNTIME = YES;
				ENABLE_PREVIEWS = YES;
				ENABLE_USER_SELECTED_FILES = readonly;
				GENERATE_INFOPLIST_FILE = YES;
				"INFOPLIST_KEY_UIApplicationSceneManifest_Generation[sdk=iphoneos*]" = YES;
				"INFOPLIST_KEY_UIApplicationSceneManifest_Generation[sdk=iphonesimulator*]" = YES;
				"INFOPLIST_KEY_UIApplicationSupportsIndirectInputEvents[sdk=iphoneos*]" = YES;
				"INFOPLIST_KEY_UIApplicationSupportsIndirectInputEvents[sdk=iphonesimulator*]" = YES;
				"INFOPLIST_KEY_UILaunchScreen_Generation[sdk=iphoneos*]" = YES;
				"INFOPLIST_KEY_UILaunchScreen_Generation[sdk=iphonesimulator*]" = YES;
				"INFOPLIST_KEY_UIStatusBarStyle[sdk=iphoneos*]" = UIStatusBarStyleDefault;
				"INFOPLIST_KEY_UIStatusBarStyle[sdk=iphonesimulator*]" = UIStatusBarStyleDefault;
				INFOPLIST_KEY_UISupportedInterfaceOrientations_iPad = "UIInterfaceOrientationPortrait UIInterfaceOrientationPortraitUpsideDown UIInterfaceOrientationLandscapeLeft UIInterfaceOrientationLandscapeRight";
				INFOPLIST_KEY_UISupportedInterfaceOrientations_iPhone = "UIInterfaceOrientationPortrait UIInterfaceOrientationLandscapeLeft UIInterfaceOrientationLandscapeRight";
				IPHONEOS_DEPLOYMENT_TARGET = 26.0;
				LD_RUNPATH_SEARCH_PATHS = "@executable_path/Frameworks";
				"LD_RUNPATH_SEARCH_PATHS[sdk=macosx*]" = "@executable_path/../Frameworks";
				MACOSX_DEPLOYMENT_TARGET = 26.0;
				MARKETING_VERSION = 1.0;
				PRODUCT_BUNDLE_IDENTIFIER = org.myrvold.CocoCashuApp;
				PRODUCT_NAME = "$(TARGET_NAME)";
				REGISTER_APP_GROUPS = YES;
				SDKROOT = auto;
				STRING_CATALOG_GENERATE_SYMBOLS = YES;
				SUPPORTED_PLATFORMS = "iphoneos iphonesimulator macosx xros xrsimulator";
				SWIFT_APPROACHABLE_CONCURRENCY = YES;
				SWIFT_DEFAULT_ACTOR_ISOLATION = MainActor;
				SWIFT_EMIT_LOC_STRINGS = YES;
				SWIFT_UPCOMING_FEATURE_MEMBER_IMPORT_VISIBILITY = YES;
				SWIFT_VERSION = 5.0;
				TARGETED_DEVICE_FAMILY = "1,2,7";
				XROS_DEPLOYMENT_TARGET = 26.0;
			};
			name = Release;
		};
		F687B98D2EA3EE84009B1492 /* Debug */ = {
			isa = XCBuildConfiguration;
			buildSettings = {
				BUNDLE_LOADER = "$(TEST_HOST)";
				CODE_SIGN_STYLE = Automatic;
				CURRENT_PROJECT_VERSION = 1;
				DEVELOPMENT_TEAM = 6LM876PP9X;
				GENERATE_INFOPLIST_FILE = YES;
				IPHONEOS_DEPLOYMENT_TARGET = 26.0;
				MACOSX_DEPLOYMENT_TARGET = 26.0;
				MARKETING_VERSION = 1.0;
				PRODUCT_BUNDLE_IDENTIFIER = org.myrvold.CocoCashuAppTests;
				PRODUCT_NAME = "$(TARGET_NAME)";
				SDKROOT = auto;
				STRING_CATALOG_GENERATE_SYMBOLS = NO;
				SUPPORTED_PLATFORMS = "iphoneos iphonesimulator macosx xros xrsimulator";
				SWIFT_APPROACHABLE_CONCURRENCY = YES;
				SWIFT_EMIT_LOC_STRINGS = NO;
				SWIFT_UPCOMING_FEATURE_MEMBER_IMPORT_VISIBILITY = YES;
				SWIFT_VERSION = 5.0;
				TARGETED_DEVICE_FAMILY = "1,2,7";
				TEST_HOST = "$(BUILT_PRODUCTS_DIR)/CocoCashuApp.app/$(BUNDLE_EXECUTABLE_FOLDER_PATH)/CocoCashuApp";
				XROS_DEPLOYMENT_TARGET = 26.0;
			};
			name = Debug;
		};
		F687B98E2EA3EE84009B1492 /* Release */ = {
			isa = XCBuildConfiguration;
			buildSettings = {
				BUNDLE_LOADER = "$(TEST_HOST)";
				CODE_SIGN_STYLE = Automatic;
				CURRENT_PROJECT_VERSION = 1;
				DEVELOPMENT_TEAM = 6LM876PP9X;
				GENERATE_INFOPLIST_FILE = YES;
				IPHONEOS_DEPLOYMENT_TARGET = 26.0;
				MACOSX_DEPLOYMENT_TARGET = 26.0;
				MARKETING_VERSION = 1.0;
				PRODUCT_BUNDLE_IDENTIFIER = org.myrvold.CocoCashuAppTests;
				PRODUCT_NAME = "$(TARGET_NAME)";
				SDKROOT = auto;
				STRING_CATALOG_GENERATE_SYMBOLS = NO;
				SUPPORTED_PLATFORMS = "iphoneos iphonesimulator macosx xros xrsimulator";
				SWIFT_APPROACHABLE_CONCURRENCY = YES;
				SWIFT_EMIT_LOC_STRINGS = NO;
				SWIFT_UPCOMING_FEATURE_MEMBER_IMPORT_VISIBILITY = YES;
				SWIFT_VERSION = 5.0;
				TARGETED_DEVICE_FAMILY = "1,2,7";
				TEST_HOST = "$(BUILT_PRODUCTS_DIR)/CocoCashuApp.app/$(BUNDLE_EXECUTABLE_FOLDER_PATH)/CocoCashuApp";
				XROS_DEPLOYMENT_TARGET = 26.0;
			};
			name = Release;
		};
		F687B9902EA3EE84009B1492 /* Debug */ = {
			isa = XCBuildConfiguration;
			buildSettings = {
				CODE_SIGN_STYLE = Automatic;
				CURRENT_PROJECT_VERSION = 1;
				DEVELOPMENT_TEAM = 6LM876PP9X;
				GENERATE_INFOPLIST_FILE = YES;
				IPHONEOS_DEPLOYMENT_TARGET = 26.0;
				MACOSX_DEPLOYMENT_TARGET = 26.0;
				MARKETING_VERSION = 1.0;
				PRODUCT_BUNDLE_IDENTIFIER = org.myrvold.CocoCashuAppUITests;
				PRODUCT_NAME = "$(TARGET_NAME)";
				SDKROOT = auto;
				STRING_CATALOG_GENERATE_SYMBOLS = NO;
				SUPPORTED_PLATFORMS = "iphoneos iphonesimulator macosx xros xrsimulator";
				SWIFT_APPROACHABLE_CONCURRENCY = YES;
				SWIFT_EMIT_LOC_STRINGS = NO;
				SWIFT_UPCOMING_FEATURE_MEMBER_IMPORT_VISIBILITY = YES;
				SWIFT_VERSION = 5.0;
				TARGETED_DEVICE_FAMILY = "1,2,7";
				TEST_TARGET_NAME = CocoCashuApp;
				XROS_DEPLOYMENT_TARGET = 26.0;
			};
			name = Debug;
		};
		F687B9912EA3EE84009B1492 /* Release */ = {
			isa = XCBuildConfiguration;
			buildSettings = {
				CODE_SIGN_STYLE = Automatic;
				CURRENT_PROJECT_VERSION = 1;
				DEVELOPMENT_TEAM = 6LM876PP9X;
				GENERATE_INFOPLIST_FILE = YES;
				IPHONEOS_DEPLOYMENT_TARGET = 26.0;
				MACOSX_DEPLOYMENT_TARGET = 26.0;
				MARKETING_VERSION = 1.0;
				PRODUCT_BUNDLE_IDENTIFIER = org.myrvold.CocoCashuAppUITests;
				PRODUCT_NAME = "$(TARGET_NAME)";
				SDKROOT = auto;
				STRING_CATALOG_GENERATE_SYMBOLS = NO;
				SUPPORTED_PLATFORMS = "iphoneos iphonesimulator macosx xros xrsimulator";
				SWIFT_APPROACHABLE_CONCURRENCY = YES;
				SWIFT_EMIT_LOC_STRINGS = NO;
				SWIFT_UPCOMING_FEATURE_MEMBER_IMPORT_VISIBILITY = YES;
				SWIFT_VERSION = 5.0;
				TARGETED_DEVICE_FAMILY = "1,2,7";
				TEST_TARGET_NAME = CocoCashuApp;
				XROS_DEPLOYMENT_TARGET = 26.0;
			};
			name = Release;
		};
/* End XCBuildConfiguration section */

/* Begin XCConfigurationList section */
		F687B9632EA3EE83009B1492 /* Build configuration list for PBXProject "CocoCashuApp" */ = {
			isa = XCConfigurationList;
			buildConfigurations = (
				F687B9872EA3EE84009B1492 /* Debug */,
				F687B9882EA3EE84009B1492 /* Release */,
			);
			defaultConfigurationIsVisible = 0;
			defaultConfigurationName = Release;
		};
		F687B9892EA3EE84009B1492 /* Build configuration list for PBXNativeTarget "CocoCashuApp" */ = {
			isa = XCConfigurationList;
			buildConfigurations = (
				F687B98A2EA3EE84009B1492 /* Debug */,
				F687B98B2EA3EE84009B1492 /* Release */,
			);
			defaultConfigurationIsVisible = 0;
			defaultConfigurationName = Release;
		};
		F687B98C2EA3EE84009B1492 /* Build configuration list for PBXNativeTarget "CocoCashuAppTests" */ = {
			isa = XCConfigurationList;
			buildConfigurations = (
				F687B98D2EA3EE84009B1492 /* Debug */,
				F687B98E2EA3EE84009B1492 /* Release */,
			);
			defaultConfigurationIsVisible = 0;
			defaultConfigurationName = Release;
		};
		F687B98F2EA3EE84009B1492 /* Build configuration list for PBXNativeTarget "CocoCashuAppUITests" */ = {
			isa = XCConfigurationList;
			buildConfigurations = (
				F687B9902EA3EE84009B1492 /* Debug */,
				F687B9912EA3EE84009B1492 /* Release */,
			);
			defaultConfigurationIsVisible = 0;
			defaultConfigurationName = Release;
		};
/* End XCConfigurationList section */

/* Begin XCLocalSwiftPackageReference section */
		F687B9922EA3EF18009B1492 /* XCLocalSwiftPackageReference "../CocoCashuSwift" */ = {
			isa = XCLocalSwiftPackageReference;
			relativePath = ../CocoCashuSwift;
		};
/* End XCLocalSwiftPackageReference section */

/* Begin XCSwiftPackageProductDependency section */
		F687B9932EA3EF18009B1492 /* CocoCashuCore */ = {
			isa = XCSwiftPackageProductDependency;
			productName = CocoCashuCore;
		};
		F687B9952EA3EF18009B1492 /* CocoCashuUI */ = {
			isa = XCSwiftPackageProductDependency;
			productName = CocoCashuUI;
		};
/* End XCSwiftPackageProductDependency section */
	};
	rootObject = F687B9602EA3EE83009B1492 /* Project object */;
}
